
Microsoft Visual Studio Solution File, Format Version 11.00
# Visual Studio 2010
Project("{FAE04EC0-301F-11D3-BF4B-00C04F79EFBC}") = "SgmlReader", "CommandLine\SgmlReader.csproj", "{606C348A-9A72-4179-9C55-4DD9914C22CC}"
EndProject
Project("{FAE04EC0-301F-11D3-BF4B-00C04F79EFBC}") = "SgmlReaderDll", "sgmlreaderdll\SgmlReaderDll.csproj", "{499527FF-AE52-450F-B3E3-4AD53E1712AD}"
EndProject
Project("{FAE04EC0-301F-11D3-BF4B-00C04F79EFBC}") = "SGMLTests", "SGMLTests\SGMLTests.csproj", "{9CC3FC29-375F-44F1-95BE-D52246CC7B3E}"
EndProject
Global
	GlobalSection(SolutionConfigurationPlatforms) = preSolution
		Debug|Any CPU = Debug|Any CPU
		Default|Any CPU = Default|Any CPU
		Release|Any CPU = Release|Any CPU
	EndGlobalSection
	GlobalSection(ProjectConfigurationPlatforms) = postSolution
		{606C348A-9A72-4179-9C55-4DD9914C22CC}.Debug|Any CPU.ActiveCfg = Debug|Any CPU
		{606C348A-9A72-4179-9C55-4DD9914C22CC}.Debug|Any CPU.Build.0 = Debug|Any CPU
		{606C348A-9A72-4179-9C55-4DD9914C22CC}.Default|Any CPU.ActiveCfg = Debug|Any CPU
		{606C348A-9A72-4179-9C55-4DD9914C22CC}.Release|Any CPU.ActiveCfg = Release|Any CPU
		{606C348A-9A72-4179-9C55-4DD9914C22CC}.Release|Any CPU.Build.0 = Release|Any CPU
		{499527FF-AE52-450F-B3E3-4AD53E1712AD}.Debug|Any CPU.ActiveCfg = Debug|Any CPU
		{499527FF-AE52-450F-B3E3-4AD53E1712AD}.Debug|Any CPU.Build.0 = Debug|Any CPU
		{499527FF-AE52-450F-B3E3-4AD53E1712AD}.Default|Any CPU.ActiveCfg = Debug|Any CPU
		{499527FF-AE52-450F-B3E3-4AD53E1712AD}.Release|Any CPU.ActiveCfg = Release|Any CPU
		{499527FF-AE52-450F-B3E3-4AD53E1712AD}.Release|Any CPU.Build.0 = Release|Any CPU
		{9CC3FC29-375F-44F1-95BE-D52246CC7B3E}.Debug|Any CPU.ActiveCfg = Debug|Any CPU
		{9CC3FC29-375F-44F1-95BE-D52246CC7B3E}.Debug|Any CPU.Build.0 = Debug|Any CPU
		{9CC3FC29-375F-44F1-95BE-D52246CC7B3E}.Default|Any CPU.ActiveCfg = Debug|Any CPU
		{9CC3FC29-375F-44F1-95BE-D52246CC7B3E}.Default|Any CPU.Build.0 = Debug|Any CPU
		{9CC3FC29-375F-44F1-95BE-D52246CC7B3E}.Release|Any CPU.ActiveCfg = Release|Any CPU
		{9CC3FC29-375F-44F1-95BE-D52246CC7B3E}.Release|Any CPU.Build.0 = Release|Any CPU
	EndGlobalSection
	GlobalSection(SolutionProperties) = preSolution
		HideSolutionNode = FALSE
	EndGlobalSection
	GlobalSection(MonoDevelopProperties) = preSolution
		StartupItem = CommandLine\SgmlReader.csproj
	EndGlobalSection
EndGlobal
